
Microsoft Visual Studio Solution File, Format Version 12.00
# Visual Studio Version 17
VisualStudioVersion = 17.12.35527.113 d17.12
MinimumVisualStudioVersion = 10.0.40219.1
Project("{FAE04EC0-301F-11D3-BF4B-00C04F79EFBC}") = "WpfApp8", "WpfApp8\WpfApp8.csproj", "{AC23F9DA-F56A-446C-8E49-2B3130957B62}"
EndProject
Global
	GlobalSection(SolutionConfigurationPlatforms) = preSolution
		Debug|Any CPU = Debug|Any CPU
		Release|Any CPU = Release|Any CPU
	EndGlobalSection
	GlobalSection(ProjectConfigurationPlatforms) = postSolution
		{AC23F9DA-F56A-446C-8E49-2B3130957B62}.Debug|Any CPU.ActiveCfg = Debug|Any CPU
		{AC23F9DA-F56A-446C-8E49-2B3130957B62}.Debug|Any CPU.Build.0 = Debug|Any CPU
		{AC23F9DA-F56A-446C-8E49-2B3130957B62}.Release|Any CPU.ActiveCfg = Release|Any CPU
		{AC23F9DA-F56A-446C-8E49-2B3130957B62}.Release|Any CPU.Build.0 = Release|Any CPU
	EndGlobalSection
	GlobalSection(SolutionProperties) = preSolution
		HideSolutionNode = FALSE
	EndGlobalSection
EndGlobal
